
Microsoft Visual Studio Solution File, Format Version 12.00
# Visual Studio Version 16
VisualStudioVersion = 16.0.30717.126
MinimumVisualStudioVersion = 10.0.40219.1
Project("{FAE04EC0-301F-11D3-BF4B-00C04F79EFBC}") = "WPFtest", "WPFtest\WPFtest.csproj", "{8A0859B1-745E-4473-89BF-D7FD3171F383}"
EndProject
Global
	GlobalSection(SolutionConfigurationPlatforms) = preSolution
		Debug|Any CPU = Debug|Any CPU
		Release|Any CPU = Release|Any CPU
	EndGlobalSection
	GlobalSection(ProjectConfigurationPlatforms) = postSolution
		{8A0859B1-745E-4473-89BF-D7FD3171F383}.Debug|Any CPU.ActiveCfg = Debug|Any CPU
		{8A0859B1-745E-4473-89BF-D7FD3171F383}.Debug|Any CPU.Build.0 = Debug|Any CPU
		{8A0859B1-745E-4473-89BF-D7FD3171F383}.Release|Any CPU.ActiveCfg = Release|Any CPU
		{8A0859B1-745E-4473-89BF-D7FD3171F383}.Release|Any CPU.Build.0 = Release|Any CPU
	EndGlobalSection
	GlobalSection(SolutionProperties) = preSolution
		HideSolutionNode = FALSE
	EndGlobalSection
	GlobalSection(ExtensibilityGlobals) = postSolution
		SolutionGuid = {7586A419-F8D7-4025-959F-FB66C348C489}
	EndGlobalSection
EndGlobal
